
Microsoft Visual Studio Solution File, Format Version 12.00
# Visual Studio 15
VisualStudioVersion = 15.0.27703.2042
MinimumVisualStudioVersion = 10.0.40219.1
Project("{FAE04EC0-301F-11D3-BF4B-00C04F79EFBC}") = "OpenTK2", "OpenTK\OpenTK2.csproj", "{9ED4C5C2-A640-4A52-A32E-7B161F3C426F}"
EndProject
Global
	GlobalSection(SolutionConfigurationPlatforms) = preSolution
		Debug|Any CPU = Debug|Any CPU
		Release|Any CPU = Release|Any CPU
	EndGlobalSection
	GlobalSection(ProjectConfigurationPlatforms) = postSolution
		{9ED4C5C2-A640-4A52-A32E-7B161F3C426F}.Debug|Any CPU.ActiveCfg = Debug|Any CPU
		{9ED4C5C2-A640-4A52-A32E-7B161F3C426F}.Debug|Any CPU.Build.0 = Debug|Any CPU
		{9ED4C5C2-A640-4A52-A32E-7B161F3C426F}.Release|Any CPU.ActiveCfg = Release|Any CPU
		{9ED4C5C2-A640-4A52-A32E-7B161F3C426F}.Release|Any CPU.Build.0 = Release|Any CPU
	EndGlobalSection
	GlobalSection(SolutionProperties) = preSolution
		HideSolutionNode = FALSE
	EndGlobalSection
	GlobalSection(ExtensibilityGlobals) = postSolution
		SolutionGuid = {1123B6B0-7F74-4C8F-8F79-E6C69CC86E00}
	EndGlobalSection
EndGlobal
